
Microsoft Visual Studio Solution File, Format Version 12.00
# Visual Studio Version 16
VisualStudioVersion = 16.0.31702.278
MinimumVisualStudioVersion = 10.0.40219.1
Project("{FAE04EC0-301F-11D3-BF4B-00C04F79EFBC}") = "BANCO", "BANCO\BANCO.csproj", "{0A750CED-23CC-4BFA-BD3C-CECE874C9C7F}"
EndProject
Global
	GlobalSection(SolutionConfigurationPlatforms) = preSolution
		Debug|Any CPU = Debug|Any CPU
		Release|Any CPU = Release|Any CPU
	EndGlobalSection
	GlobalSection(ProjectConfigurationPlatforms) = postSolution
		{0A750CED-23CC-4BFA-BD3C-CECE874C9C7F}.Debug|Any CPU.ActiveCfg = Debug|Any CPU
		{0A750CED-23CC-4BFA-BD3C-CECE874C9C7F}.Debug|Any CPU.Build.0 = Debug|Any CPU
		{0A750CED-23CC-4BFA-BD3C-CECE874C9C7F}.Release|Any CPU.ActiveCfg = Release|Any CPU
		{0A750CED-23CC-4BFA-BD3C-CECE874C9C7F}.Release|Any CPU.Build.0 = Release|Any CPU
	EndGlobalSection
	GlobalSection(SolutionProperties) = preSolution
		HideSolutionNode = FALSE
	EndGlobalSection
	GlobalSection(ExtensibilityGlobals) = postSolution
		SolutionGuid = {A1AFA5BC-C9F1-4B84-8B2C-5FC86C6617D9}
	EndGlobalSection
EndGlobal
